<?xml version="1.0" encoding="utf-8"?>
<Project ToolsVersion="4.0" xmlns="http://schemas.microsoft.com/developer/msbuild/2003">
  <ItemGroup>
    <Filter Include="Source Files">
      <UniqueIdentifier>{4FC737F1-C7A5-4376-A066-2A32D752A2FF}</UniqueIdentifier>
      <Extensions>qml;cpp;c;cc;cxx;def;odl;idl;hpj;bat;asm;asmx</Extensions>
    </Filter>
    <Filter Include="Header Files">
      <UniqueIdentifier>{93995380-89BD-4b04-88EB-625FBE52EBFB}</UniqueIdentifier>
      <Extensions>h;hh;hpp;hxx;hm;inl;inc;xsd</Extensions>
    </Filter>
    <Filter Include="Resource Files">
      <UniqueIdentifier>{67DA6AB6-F800-4c08-8B7A-83BB121AAD01}</UniqueIdentifier>
      <Extensions>qrc;rc;ico;cur;bmp;dlg;rc2;rct;bin;rgs;gif;jpg;jpeg;jpe;resx;tiff;tif;png;wav;mfcribbon-ms</Extensions>
    </Filter>
    <Filter Include="Form Files">
      <UniqueIdentifier>{99349809-55BA-4b9d-BF79-8FDBB0286EB3}</UniqueIdentifier>
      <Extensions>ui</Extensions>
    </Filter>
    <Filter Include="Translation Files">
      <UniqueIdentifier>{639EADAA-A684-42e4-A9AD-28FC9BCB8F7C}</UniqueIdentifier>
      <Extensions>ts</Extensions>
    </Filter>
    <Filter Include="Breakpad">
      <UniqueIdentifier>{cfe725a5-445f-409e-9b1e-5826c4a97b1c}</UniqueIdentifier>
    </Filter>
    <Filter Include="Breakpad\common">
      <UniqueIdentifier>{34e30aa0-dcaa-4cf2-8dac-110d0dd1d297}</UniqueIdentifier>
    </Filter>
    <Filter Include="Breakpad\crash_generation">
      <UniqueIdentifier>{7866bce6-7674-457a-b629-97746cde7a60}</UniqueIdentifier>
    </Filter>
    <Filter Include="Breakpad\handler">
      <UniqueIdentifier>{d6268e45-75ca-4c85-9a07-a11c802cfc3f}</UniqueIdentifier>
    </Filter>
  </ItemGroup>
  <ItemGroup>
    <ClInclude Include="QBreakpadDllExport.h">
      <Filter>Header Files</Filter>
    </ClInclude>
    <ClInclude Include="QCallOnce.h">
      <Filter>Header Files</Filter>
    </ClInclude>
    <ClInclude Include="QSingleton.h">
      <Filter>Header Files</Filter>
    </ClInclude>
    <ClInclude Include="..\Modules\Breakpad\src\client\windows\handler\exception_handler.h">
      <Filter>Breakpad\handler</Filter>
    </ClInclude>
    <ClInclude Include="..\Modules\Breakpad\src\client\windows\crash_generation\client_info.h">
      <Filter>Breakpad\crash_generation</Filter>
    </ClInclude>
    <ClInclude Include="..\Modules\Breakpad\src\client\windows\crash_generation\crash_generation_client.h">
      <Filter>Breakpad\crash_generation</Filter>
    </ClInclude>
    <ClInclude Include="..\Modules\Breakpad\src\client\windows\crash_generation\crash_generation_server.h">
      <Filter>Breakpad\crash_generation</Filter>
    </ClInclude>
    <ClInclude Include="..\Modules\Breakpad\src\client\windows\crash_generation\minidump_generator.h">
      <Filter>Breakpad\crash_generation</Filter>
    </ClInclude>
    <ClInclude Include="..\Modules\Breakpad\src\client\windows\common\auto_critical_section.h">
      <Filter>Breakpad\common</Filter>
    </ClInclude>
    <ClInclude Include="..\Modules\Breakpad\src\client\windows\common\ipc_protocol.h">
      <Filter>Breakpad\common</Filter>
    </ClInclude>
    <ClInclude Include="..\Modules\Breakpad\src\common\windows\guid_string.h">
      <Filter>Breakpad\common</Filter>
    </ClInclude>
    <ClInclude Include="..\Modules\Breakpad\src\common\windows\string_utils-inl.h">
      <Filter>Breakpad\common</Filter>
    </ClInclude>
  </ItemGroup>
  <ItemGroup>
    <QtMoc Include="QBreakpadHandler.h">
      <Filter>Header Files</Filter>
    </QtMoc>
    <QtMoc Include="QBreakpadHttpUploader.h">
      <Filter>Header Files</Filter>
    </QtMoc>
  </ItemGroup>
  <ItemGroup>
    <ClCompile Include="QBreakpadHandler.cpp">
      <Filter>Source Files</Filter>
    </ClCompile>
    <ClCompile Include="QBreakpadHttpUploader.cpp">
      <Filter>Source Files</Filter>
    </ClCompile>
    <ClCompile Include="..\Modules\Breakpad\src\client\windows\handler\exception_handler.cc">
      <Filter>Breakpad\handler</Filter>
    </ClCompile>
    <ClCompile Include="..\Modules\Breakpad\src\client\windows\crash_generation\client_info.cc">
      <Filter>Breakpad\crash_generation</Filter>
    </ClCompile>
    <ClCompile Include="..\Modules\Breakpad\src\client\windows\crash_generation\crash_generation_client.cc">
      <Filter>Breakpad\crash_generation</Filter>
    </ClCompile>
    <ClCompile Include="..\Modules\Breakpad\src\client\windows\crash_generation\crash_generation_server.cc">
      <Filter>Breakpad\crash_generation</Filter>
    </ClCompile>
    <ClCompile Include="..\Modules\Breakpad\src\client\windows\crash_generation\minidump_generator.cc">
      <Filter>Breakpad\crash_generation</Filter>
    </ClCompile>
    <ClCompile Include="..\Modules\Breakpad\src\common\windows\guid_string.cc">
      <Filter>Breakpad\common</Filter>
    </ClCompile>
    <ClCompile Include="..\Modules\Breakpad\src\common\windows\string_utils.cc">
      <Filter>Breakpad\common</Filter>
    </ClCompile>
  </ItemGroup>
</Project>